
Microsoft Visual Studio Solution File, Format Version 12.00
# Visual Studio Version 17
VisualStudioVersion = 17.9.34622.214
MinimumVisualStudioVersion = 10.0.40219.1
Project("{FAE04EC0-301F-11D3-BF4B-00C04F79EFBC}") = "MyWebSite.Server", "MyWebSite.Server\MyWebSite.Server.csproj", "{D8D0D043-190A-4C16-9B7B-1A8961F64ADA}"
EndProject
Project("{54A90642-561A-4BB1-A94E-469ADEE60C69}") = "mywebsite.client", "mywebsite.client\mywebsite.client.esproj", "{95E2266C-A7D8-4D62-AD51-5B774642E4C0}"
EndProject
Global
	GlobalSection(SolutionConfigurationPlatforms) = preSolution
		Debug|Any CPU = Debug|Any CPU
		Release|Any CPU = Release|Any CPU
	EndGlobalSection
	GlobalSection(ProjectConfigurationPlatforms) = postSolution
		{D8D0D043-190A-4C16-9B7B-1A8961F64ADA}.Debug|Any CPU.ActiveCfg = Debug|Any CPU
		{D8D0D043-190A-4C16-9B7B-1A8961F64ADA}.Debug|Any CPU.Build.0 = Debug|Any CPU
		{D8D0D043-190A-4C16-9B7B-1A8961F64ADA}.Release|Any CPU.ActiveCfg = Release|Any CPU
		{D8D0D043-190A-4C16-9B7B-1A8961F64ADA}.Release|Any CPU.Build.0 = Release|Any CPU
		{95E2266C-A7D8-4D62-AD51-5B774642E4C0}.Debug|Any CPU.ActiveCfg = Debug|Any CPU
		{95E2266C-A7D8-4D62-AD51-5B774642E4C0}.Debug|Any CPU.Build.0 = Debug|Any CPU
		{95E2266C-A7D8-4D62-AD51-5B774642E4C0}.Debug|Any CPU.Deploy.0 = Debug|Any CPU
		{95E2266C-A7D8-4D62-AD51-5B774642E4C0}.Release|Any CPU.ActiveCfg = Release|Any CPU
		{95E2266C-A7D8-4D62-AD51-5B774642E4C0}.Release|Any CPU.Build.0 = Release|Any CPU
		{95E2266C-A7D8-4D62-AD51-5B774642E4C0}.Release|Any CPU.Deploy.0 = Release|Any CPU
	EndGlobalSection
	GlobalSection(SolutionProperties) = preSolution
		HideSolutionNode = FALSE
	EndGlobalSection
	GlobalSection(ExtensibilityGlobals) = postSolution
		SolutionGuid = {0FAFC92F-C117-4C57-93B2-0801B24B7775}
	EndGlobalSection
EndGlobal
